
Microsoft Visual Studio Solution File, Format Version 12.00
Project("{FAE04EC0-301F-11D3-BF4B-00C04F79EFBC}") = "Verdandi.API", "Verdandi.API\Verdandi.API.csproj", "{191056D8-3F41-4AD9-9525-8A9EC764CA4C}"
EndProject
Global
	GlobalSection(SolutionConfigurationPlatforms) = preSolution
		Debug|Any CPU = Debug|Any CPU
		Release|Any CPU = Release|Any CPU
	EndGlobalSection
	GlobalSection(ProjectConfigurationPlatforms) = postSolution
		{191056D8-3F41-4AD9-9525-8A9EC764CA4C}.Debug|Any CPU.ActiveCfg = Debug|Any CPU
		{191056D8-3F41-4AD9-9525-8A9EC764CA4C}.Debug|Any CPU.Build.0 = Debug|Any CPU
		{191056D8-3F41-4AD9-9525-8A9EC764CA4C}.Release|Any CPU.ActiveCfg = Release|Any CPU
		{191056D8-3F41-4AD9-9525-8A9EC764CA4C}.Release|Any CPU.Build.0 = Release|Any CPU
	EndGlobalSection
EndGlobal
